
Microsoft Visual Studio Solution File, Format Version 12.00
# Visual Studio 15
VisualStudioVersion = 15.0.27004.2002
MinimumVisualStudioVersion = 10.0.40219.1
Project("{FAE04EC0-301F-11D3-BF4B-00C04F79EFBC}") = "SpaceRangersQuests.UI", "SpaceRangersQuests.UI\SpaceRangersQuests.UI.csproj", "{0A3FEEC5-1159-477A-8453-2B9A0BA5A4DD}"
EndProject
Project("{2150E333-8FDC-42A3-9474-1A3956D46DE8}") = "etc", "etc", "{D3D9D80D-55B1-4678-81D0-6C0117893FED}"
	ProjectSection(SolutionItems) = preProject
		etc\TemplateQM.bt = etc\TemplateQM.bt
	EndProjectSection
EndProject
Project("{FAE04EC0-301F-11D3-BF4B-00C04F79EFBC}") = "SpaceRangersQuests.Model", "SpaceRangersQuests.Model\SpaceRangersQuests.Model.csproj", "{E15D7FF6-25D3-475A-BB04-0EE96B345027}"
EndProject
Project("{FAE04EC0-301F-11D3-BF4B-00C04F79EFBC}") = "SpaceRangersQuests.Tests", "SpaceRangersQuests.Tests\SpaceRangersQuests.Tests.csproj", "{E53E8C51-23F3-41D3-B9BC-AB0348AA3DEC}"
EndProject
Global
	GlobalSection(SolutionConfigurationPlatforms) = preSolution
		Debug|Any CPU = Debug|Any CPU
		Release|Any CPU = Release|Any CPU
	EndGlobalSection
	GlobalSection(ProjectConfigurationPlatforms) = postSolution
		{0A3FEEC5-1159-477A-8453-2B9A0BA5A4DD}.Debug|Any CPU.ActiveCfg = Debug|Any CPU
		{0A3FEEC5-1159-477A-8453-2B9A0BA5A4DD}.Debug|Any CPU.Build.0 = Debug|Any CPU
		{0A3FEEC5-1159-477A-8453-2B9A0BA5A4DD}.Release|Any CPU.ActiveCfg = Release|Any CPU
		{0A3FEEC5-1159-477A-8453-2B9A0BA5A4DD}.Release|Any CPU.Build.0 = Release|Any CPU
		{E15D7FF6-25D3-475A-BB04-0EE96B345027}.Debug|Any CPU.ActiveCfg = Debug|Any CPU
		{E15D7FF6-25D3-475A-BB04-0EE96B345027}.Debug|Any CPU.Build.0 = Debug|Any CPU
		{E15D7FF6-25D3-475A-BB04-0EE96B345027}.Release|Any CPU.ActiveCfg = Release|Any CPU
		{E15D7FF6-25D3-475A-BB04-0EE96B345027}.Release|Any CPU.Build.0 = Release|Any CPU
		{E53E8C51-23F3-41D3-B9BC-AB0348AA3DEC}.Debug|Any CPU.ActiveCfg = Debug|Any CPU
		{E53E8C51-23F3-41D3-B9BC-AB0348AA3DEC}.Debug|Any CPU.Build.0 = Debug|Any CPU
		{E53E8C51-23F3-41D3-B9BC-AB0348AA3DEC}.Release|Any CPU.ActiveCfg = Release|Any CPU
		{E53E8C51-23F3-41D3-B9BC-AB0348AA3DEC}.Release|Any CPU.Build.0 = Release|Any CPU
	EndGlobalSection
	GlobalSection(SolutionProperties) = preSolution
		HideSolutionNode = FALSE
	EndGlobalSection
	GlobalSection(ExtensibilityGlobals) = postSolution
		SolutionGuid = {C659042C-1F00-4DA5-8F22-F89199C7B686}
	EndGlobalSection
EndGlobal
